
Microsoft Visual Studio Solution File, Format Version 12.00
# Visual Studio Version 17
VisualStudioVersion = 17.2.32519.379
MinimumVisualStudioVersion = 10.0.40219.1
Project("{FAE04EC0-301F-11D3-BF4B-00C04F79EFBC}") = "RaceAPI", "RaceAPI.csproj", "{A108F1AC-5D30-408E-B5A7-9FFEE463240F}"
EndProject
Global
	GlobalSection(SolutionConfigurationPlatforms) = preSolution
		Debug|Any CPU = Debug|Any CPU
		Release|Any CPU = Release|Any CPU
	EndGlobalSection
	GlobalSection(ProjectConfigurationPlatforms) = postSolution
		{A108F1AC-5D30-408E-B5A7-9FFEE463240F}.Debug|Any CPU.ActiveCfg = Debug|Any CPU
		{A108F1AC-5D30-408E-B5A7-9FFEE463240F}.Debug|Any CPU.Build.0 = Debug|Any CPU
		{A108F1AC-5D30-408E-B5A7-9FFEE463240F}.Release|Any CPU.ActiveCfg = Release|Any CPU
		{A108F1AC-5D30-408E-B5A7-9FFEE463240F}.Release|Any CPU.Build.0 = Release|Any CPU
	EndGlobalSection
	GlobalSection(SolutionProperties) = preSolution
		HideSolutionNode = FALSE
	EndGlobalSection
	GlobalSection(ExtensibilityGlobals) = postSolution
		SolutionGuid = {3F0D37F5-21D9-4A1B-92A6-6548732E5438}
	EndGlobalSection
EndGlobal
